
Microsoft Visual Studio Solution File, Format Version 12.00
# Visual Studio Version 16
VisualStudioVersion = 16.0.30804.86
MinimumVisualStudioVersion = 10.0.40219.1
Project("{F184B08F-C81C-45F6-A57F-5ABD9991F28F}") = "Ejercicio_EdadAños_22_01_2021", "Ejercicio_EdadAños_22_01_2021\Ejercicio_EdadAños_22_01_2021.vbproj", "{06BAFD73-DB69-44FD-8E1B-9CD40577E19A}"
EndProject
Global
	GlobalSection(SolutionConfigurationPlatforms) = preSolution
		Debug|Any CPU = Debug|Any CPU
		Release|Any CPU = Release|Any CPU
	EndGlobalSection
	GlobalSection(ProjectConfigurationPlatforms) = postSolution
		{06BAFD73-DB69-44FD-8E1B-9CD40577E19A}.Debug|Any CPU.ActiveCfg = Debug|Any CPU
		{06BAFD73-DB69-44FD-8E1B-9CD40577E19A}.Debug|Any CPU.Build.0 = Debug|Any CPU
		{06BAFD73-DB69-44FD-8E1B-9CD40577E19A}.Release|Any CPU.ActiveCfg = Release|Any CPU
		{06BAFD73-DB69-44FD-8E1B-9CD40577E19A}.Release|Any CPU.Build.0 = Release|Any CPU
	EndGlobalSection
	GlobalSection(SolutionProperties) = preSolution
		HideSolutionNode = FALSE
	EndGlobalSection
	GlobalSection(ExtensibilityGlobals) = postSolution
		SolutionGuid = {258CE2AA-A699-466C-8361-52CF5EEF4AA7}
	EndGlobalSection
EndGlobal
